// !$*UTF8*$!
{
	archiveVersion = 1;
	classes = {
	};
	objectVersion = 56;
	objects = {

/* Begin PBXBuildFile section */
		B0A1DF322C54E30900D80655 /* Challenge_2App.swift in Sources */ = {isa = PBXBuildFile; fileRef = B0A1DF312C54E30900D80655 /* Challenge_2App.swift */; };
		B0A1DF342C54E30900D80655 /* ContentView.swift in Sources */ = {isa = PBXBuildFile; fileRef = B0A1DF332C54E30900D80655 /* ContentView.swift */; };
		B0A1DF362C54E30900D80655 /* Assets.xcassets in Resources */ = {isa = PBXBuildFile; fileRef = B0A1DF352C54E30900D80655 /* Assets.xcassets */; };
		B0A1DF392C54E30900D80655 /* Preview Assets.xcassets in Resources */ = {isa = PBXBuildFile; fileRef = B0A1DF382C54E30900D80655 /* Preview Assets.xcassets */; };
		D94423A62C54E842000C939D /* Home.swift in Sources */ = {isa = PBXBuildFile; fileRef = D94423A52C54E842000C939D /* Home.swift */; };
		D94423B02C54E97E000C939D /* ProfessionalHelpView.swift in Sources */ = {isa = PBXBuildFile; fileRef = D94423AF2C54E97E000C939D /* ProfessionalHelpView.swift */; };
		D94423B22C54E987000C939D /* HomeView.swift in Sources */ = {isa = PBXBuildFile; fileRef = D94423B12C54E987000C939D /* HomeView.swift */; };
		D94423B42C54E991000C939D /* JournalView.swift in Sources */ = {isa = PBXBuildFile; fileRef = D94423B32C54E991000C939D /* JournalView.swift */; };
		D94423BA2C54EAA8000C939D /* VijaiHomeView.swift in Sources */ = {isa = PBXBuildFile; fileRef = D94423B92C54EAA8000C939D /* VijaiHomeView.swift */; };
		D94423BC2C54EAB4000C939D /* QiYangHomeView.swift in Sources */ = {isa = PBXBuildFile; fileRef = D94423BB2C54EAB4000C939D /* QiYangHomeView.swift */; };
		D9B4000B2C5E22A4001682E2 /* EmotionsView.swift in Sources */ = {isa = PBXBuildFile; fileRef = D9B4000A2C5E22A4001682E2 /* EmotionsView.swift */; };
		D9B4000D2C5E22D1001682E2 /* ActivityDetailView.swift in Sources */ = {isa = PBXBuildFile; fileRef = D9B4000C2C5E22D1001682E2 /* ActivityDetailView.swift */; };
		D9B4000F2C5E22F0001682E2 /* ActivityView.swift in Sources */ = {isa = PBXBuildFile; fileRef = D9B4000E2C5E22F0001682E2 /* ActivityView.swift */; };
		D9B400112C5E2322001682E2 /* ContentPreviewView.swift in Sources */ = {isa = PBXBuildFile; fileRef = D9B400102C5E2322001682E2 /* ContentPreviewView.swift */; };
/* End PBXBuildFile section */

/* Begin PBXFileReference section */
		B0A1DF2E2C54E30900D80655 /* Challenge 2.app */ = {isa = PBXFileReference; explicitFileType = wrapper.application; includeInIndex = 0; path = "Challenge 2.app"; sourceTree = BUILT_PRODUCTS_DIR; };
		B0A1DF312C54E30900D80655 /* Challenge_2App.swift */ = {isa = PBXFileReference; lastKnownFileType = sourcecode.swift; path = Challenge_2App.swift; sourceTree = "<group>"; };
		B0A1DF332C54E30900D80655 /* ContentView.swift */ = {isa = PBXFileReference; lastKnownFileType = sourcecode.swift; path = ContentView.swift; sourceTree = "<group>"; };
		B0A1DF352C54E30900D80655 /* Assets.xcassets */ = {isa = PBXFileReference; lastKnownFileType = folder.assetcatalog; path = Assets.xcassets; sourceTree = "<group>"; };
		B0A1DF382C54E30900D80655 /* Preview Assets.xcassets */ = {isa = PBXFileReference; lastKnownFileType = folder.assetcatalog; path = "Preview Assets.xcassets"; sourceTree = "<group>"; };
		D94423A52C54E842000C939D /* Home.swift */ = {isa = PBXFileReference; lastKnownFileType = sourcecode.swift; path = Home.swift; sourceTree = "<group>"; };
		D94423AF2C54E97E000C939D /* ProfessionalHelpView.swift */ = {isa = PBXFileReference; lastKnownFileType = sourcecode.swift; path = ProfessionalHelpView.swift; sourceTree = "<group>"; };
		D94423B12C54E987000C939D /* HomeView.swift */ = {isa = PBXFileReference; lastKnownFileType = sourcecode.swift; path = HomeView.swift; sourceTree = "<group>"; };
		D94423B32C54E991000C939D /* JournalView.swift */ = {isa = PBXFileReference; lastKnownFileType = sourcecode.swift; path = JournalView.swift; sourceTree = "<group>"; };
		D94423B92C54EAA8000C939D /* VijaiHomeView.swift */ = {isa = PBXFileReference; lastKnownFileType = sourcecode.swift; path = VijaiHomeView.swift; sourceTree = "<group>"; };
		D94423BB2C54EAB4000C939D /* QiYangHomeView.swift */ = {isa = PBXFileReference; lastKnownFileType = sourcecode.swift; path = QiYangHomeView.swift; sourceTree = "<group>"; };
		D9B4000A2C5E22A4001682E2 /* EmotionsView.swift */ = {isa = PBXFileReference; lastKnownFileType = sourcecode.swift; path = EmotionsView.swift; sourceTree = "<group>"; };
		D9B4000C2C5E22D1001682E2 /* ActivityDetailView.swift */ = {isa = PBXFileReference; lastKnownFileType = sourcecode.swift; path = ActivityDetailView.swift; sourceTree = "<group>"; };
		D9B4000E2C5E22F0001682E2 /* ActivityView.swift */ = {isa = PBXFileReference; lastKnownFileType = sourcecode.swift; path = ActivityView.swift; sourceTree = "<group>"; };
		D9B400102C5E2322001682E2 /* ContentPreviewView.swift */ = {isa = PBXFileReference; lastKnownFileType = sourcecode.swift; path = ContentPreviewView.swift; sourceTree = "<group>"; };
/* End PBXFileReference section */

/* Begin PBXFrameworksBuildPhase section */
		B0A1DF2B2C54E30900D80655 /* Frameworks */ = {
			isa = PBXFrameworksBuildPhase;
			buildActionMask = 2147483647;
			files = (
			);
			runOnlyForDeploymentPostprocessing = 0;
		};
/* End PBXFrameworksBuildPhase section */

/* Begin PBXGroup section */
		B0A1DF252C54E30900D80655 = {
			isa = PBXGroup;
			children = (
				B0A1DF302C54E30900D80655 /* Challenge 2 */,
				B0A1DF2F2C54E30900D80655 /* Products */,
			);
			sourceTree = "<group>";
		};
		B0A1DF2F2C54E30900D80655 /* Products */ = {
			isa = PBXGroup;
			children = (
				B0A1DF2E2C54E30900D80655 /* Challenge 2.app */,
			);
			name = Products;
			sourceTree = "<group>";
		};
		B0A1DF302C54E30900D80655 /* Challenge 2 */ = {
			isa = PBXGroup;
			children = (
				B0A1DF312C54E30900D80655 /* Challenge_2App.swift */,
				B0A1DF332C54E30900D80655 /* ContentView.swift */,
				D94423B92C54EAA8000C939D /* VijaiHomeView.swift */,
				D94423BB2C54EAB4000C939D /* QiYangHomeView.swift */,
				D94423AF2C54E97E000C939D /* ProfessionalHelpView.swift */,
				D94423B12C54E987000C939D /* HomeView.swift */,
				D94423B32C54E991000C939D /* JournalView.swift */,
				D9B4000A2C5E22A4001682E2 /* EmotionsView.swift */,
				D9B4000C2C5E22D1001682E2 /* ActivityDetailView.swift */,
				D9B4000E2C5E22F0001682E2 /* ActivityView.swift */,
				D94423A52C54E842000C939D /* Home.swift */,
				D9B400102C5E2322001682E2 /* ContentPreviewView.swift */,
				B0A1DF352C54E30900D80655 /* Assets.xcassets */,
				B0A1DF372C54E30900D80655 /* Preview Content */,
			);
			path = "Challenge 2";
			sourceTree = "<group>";
		};
		B0A1DF372C54E30900D80655 /* Preview Content */ = {
			isa = PBXGroup;
			children = (
				B0A1DF382C54E30900D80655 /* Preview Assets.xcassets */,
			);
			path = "Preview Content";
			sourceTree = "<group>";
		};
/* End PBXGroup section */

/* Begin PBXNativeTarget section */
		B0A1DF2D2C54E30900D80655 /* Challenge 2 */ = {
			isa = PBXNativeTarget;
			buildConfigurationList = B0A1DF3C2C54E30900D80655 /* Build configuration list for PBXNativeTarget "Challenge 2" */;
			buildPhases = (
				B0A1DF2A2C54E30900D80655 /* Sources */,
				B0A1DF2B2C54E30900D80655 /* Frameworks */,
				B0A1DF2C2C54E30900D80655 /* Resources */,
			);
			buildRules = (
			);
			dependencies = (
			);
			name = "Challenge 2";
			productName = "Challenge 2";
			productReference = B0A1DF2E2C54E30900D80655 /* Challenge 2.app */;
			productType = "com.apple.product-type.application";
		};
/* End PBXNativeTarget section */

/* Begin PBXProject section */
		B0A1DF262C54E30900D80655 /* Project object */ = {
			isa = PBXProject;
			attributes = {
				BuildIndependentTargetsInParallel = 1;
				LastSwiftUpdateCheck = 1540;
				LastUpgradeCheck = 1540;
				TargetAttributes = {
					B0A1DF2D2C54E30900D80655 = {
						CreatedOnToolsVersion = 15.4;
					};
				};
			};
			buildConfigurationList = B0A1DF292C54E30900D80655 /* Build configuration list for PBXProject "Challenge 2" */;
			compatibilityVersion = "Xcode 14.0";
			developmentRegion = en;
			hasScannedForEncodings = 0;
			knownRegions = (
				en,
				Base,
			);
			mainGroup = B0A1DF252C54E30900D80655;
			productRefGroup = B0A1DF2F2C54E30900D80655 /* Products */;
			projectDirPath = "";
			projectRoot = "";
			targets = (
				B0A1DF2D2C54E30900D80655 /* Challenge 2 */,
			);
		};
/* End PBXProject section */

/* Begin PBXResourcesBuildPhase section */
		B0A1DF2C2C54E30900D80655 /* Resources */ = {
			isa = PBXResourcesBuildPhase;
			buildActionMask = 2147483647;
			files = (
				B0A1DF392C54E30900D80655 /* Preview Assets.xcassets in Resources */,
				B0A1DF362C54E30900D80655 /* Assets.xcassets in Resources */,
			);
			runOnlyForDeploymentPostprocessing = 0;
		};
/* End PBXResourcesBuildPhase section */

/* Begin PBXSourcesBuildPhase section */
		B0A1DF2A2C54E30900D80655 /* Sources */ = {
			isa = PBXSourcesBuildPhase;
			buildActionMask = 2147483647;
			files = (
				D9B4000F2C5E22F0001682E2 /* ActivityView.swift in Sources */,
				D94423BA2C54EAA8000C939D /* VijaiHomeView.swift in Sources */,
				D94423B42C54E991000C939D /* JournalView.swift in Sources */,
				D9B400112C5E2322001682E2 /* ContentPreviewView.swift in Sources */,
				B0A1DF342C54E30900D80655 /* ContentView.swift in Sources */,
				D94423A62C54E842000C939D /* Home.swift in Sources */,
				D94423BC2C54EAB4000C939D /* QiYangHomeView.swift in Sources */,
				D94423B02C54E97E000C939D /* ProfessionalHelpView.swift in Sources */,
				D94423B22C54E987000C939D /* HomeView.swift in Sources */,
				B0A1DF322C54E30900D80655 /* Challenge_2App.swift in Sources */,
				D9B4000D2C5E22D1001682E2 /* ActivityDetailView.swift in Sources */,
				D9B4000B2C5E22A4001682E2 /* EmotionsView.swift in Sources */,
			);
			runOnlyForDeploymentPostprocessing = 0;
		};
/* End PBXSourcesBuildPhase section */

/* Begin XCBuildConfiguration section */
		B0A1DF3A2C54E30900D80655 /* Debug */ = {
			isa = XCBuildConfiguration;
			buildSettings = {
				ALWAYS_SEARCH_USER_PATHS = NO;
				ASSETCATALOG_COMPILER_GENERATE_SWIFT_ASSET_SYMBOL_EXTENSIONS = YES;
				CLANG_ANALYZER_NONNULL = YES;
				CLANG_ANALYZER_NUMBER_OBJECT_CONVERSION = YES_AGGRESSIVE;
				CLANG_CXX_LANGUAGE_STANDARD = "gnu++20";
				CLANG_ENABLE_MODULES = YES;
				CLANG_ENABLE_OBJC_ARC = YES;
				CLANG_ENABLE_OBJC_WEAK = YES;
				CLANG_WARN_BLOCK_CAPTURE_AUTORELEASING = YES;
				CLANG_WARN_BOOL_CONVERSION = YES;
				CLANG_WARN_COMMA = YES;
				CLANG_WARN_CONSTANT_CONVERSION = YES;
				CLANG_WARN_DEPRECATED_OBJC_IMPLEMENTATIONS = YES;
				CLANG_WARN_DIRECT_OBJC_ISA_USAGE = YES_ERROR;
				CLANG_WARN_DOCUMENTATION_COMMENTS = YES;
				CLANG_WARN_EMPTY_BODY = YES;
				CLANG_WARN_ENUM_CONVERSION = YES;
				CLANG_WARN_INFINITE_RECURSION = YES;
				CLANG_WARN_INT_CONVERSION = YES;
				CLANG_WARN_NON_LITERAL_NULL_CONVERSION = YES;
				CLANG_WARN_OBJC_IMPLICIT_RETAIN_SELF = YES;
				CLANG_WARN_OBJC_LITERAL_CONVERSION = YES;
				CLANG_WARN_OBJC_ROOT_CLASS = YES_ERROR;
				CLANG_WARN_QUOTED_INCLUDE_IN_FRAMEWORK_HEADER = YES;
				CLANG_WARN_RANGE_LOOP_ANALYSIS = YES;
				CLANG_WARN_STRICT_PROTOTYPES = YES;
				CLANG_WARN_SUSPICIOUS_MOVE = YES;
				CLANG_WARN_UNGUARDED_AVAILABILITY = YES_AGGRESSIVE;
				CLANG_WARN_UNREACHABLE_CODE = YES;
				CLANG_WARN__DUPLICATE_METHOD_MATCH = YES;
				COPY_PHASE_STRIP = NO;
				DEBUG_INFORMATION_FORMAT = dwarf;
				ENABLE_STRICT_OBJC_MSGSEND = YES;
				ENABLE_TESTABILITY = YES;
				ENABLE_USER_SCRIPT_SANDBOXING = YES;
				GCC_C_LANGUAGE_STANDARD = gnu17;
				GCC_DYNAMIC_NO_PIC = NO;
				GCC_NO_COMMON_BLOCKS = YES;
				GCC_OPTIMIZATION_LEVEL = 0;
				GCC_PREPROCESSOR_DEFINITIONS = (
					"DEBUG=1",
					"$(inherited)",
				);
				GCC_WARN_64_TO_32_BIT_CONVERSION = YES;
				GCC_WARN_ABOUT_RETURN_TYPE = YES_ERROR;
				GCC_WARN_UNDECLARED_SELECTOR = YES;
				GCC_WARN_UNINITIALIZED_AUTOS = YES_AGGRESSIVE;
				GCC_WARN_UNUSED_FUNCTION = YES;
				GCC_WARN_UNUSED_VARIABLE = YES;
				IPHONEOS_DEPLOYMENT_TARGET = 17.5;
				LOCALIZATION_PREFERS_STRING_CATALOGS = YES;
				MTL_ENABLE_DEBUG_INFO = INCLUDE_SOURCE;
				MTL_FAST_MATH = YES;
				ONLY_ACTIVE_ARCH = YES;
				SDKROOT = iphoneos;
				SWIFT_ACTIVE_COMPILATION_CONDITIONS = "DEBUG $(inherited)";
				SWIFT_OPTIMIZATION_LEVEL = "-Onone";
			};
			name = Debug;
		};
		B0A1DF3B2C54E30900D80655 /* Release */ = {
			isa = XCBuildConfiguration;
			buildSettings = {
				ALWAYS_SEARCH_USER_PATHS = NO;
				ASSETCATALOG_COMPILER_GENERATE_SWIFT_ASSET_SYMBOL_EXTENSIONS = YES;
				CLANG_ANALYZER_NONNULL = YES;
				CLANG_ANALYZER_NUMBER_OBJECT_CONVERSION = YES_AGGRESSIVE;
				CLANG_CXX_LANGUAGE_STANDARD = "gnu++20";
				CLANG_ENABLE_MODULES = YES;
				CLANG_ENABLE_OBJC_ARC = YES;
				CLANG_ENABLE_OBJC_WEAK = YES;
				CLANG_WARN_BLOCK_CAPTURE_AUTORELEASING = YES;
				CLANG_WARN_BOOL_CONVERSION = YES;
				CLANG_WARN_COMMA = YES;
				CLANG_WARN_CONSTANT_CONVERSION = YES;
				CLANG_WARN_DEPRECATED_OBJC_IMPLEMENTATIONS = YES;
				CLANG_WARN_DIRECT_OBJC_ISA_USAGE = YES_ERROR;
				CLANG_WARN_DOCUMENTATION_COMMENTS = YES;
				CLANG_WARN_EMPTY_BODY = YES;
				CLANG_WARN_ENUM_CONVERSION = YES;
				CLANG_WARN_INFINITE_RECURSION = YES;
				CLANG_WARN_INT_CONVERSION = YES;
				CLANG_WARN_NON_LITERAL_NULL_CONVERSION = YES;
				CLANG_WARN_OBJC_IMPLICIT_RETAIN_SELF = YES;
				CLANG_WARN_OBJC_LITERAL_CONVERSION = YES;
				CLANG_WARN_OBJC_ROOT_CLASS = YES_ERROR;
				CLANG_WARN_QUOTED_INCLUDE_IN_FRAMEWORK_HEADER = YES;
				CLANG_WARN_RANGE_LOOP_ANALYSIS = YES;
				CLANG_WARN_STRICT_PROTOTYPES = YES;
				CLANG_WARN_SUSPICIOUS_MOVE = YES;
				CLANG_WARN_UNGUARDED_AVAILABILITY = YES_AGGRESSIVE;
				CLANG_WARN_UNREACHABLE_CODE = YES;
				CLANG_WARN__DUPLICATE_METHOD_MATCH = YES;
				COPY_PHASE_STRIP = NO;
				DEBUG_INFORMATION_FORMAT = "dwarf-with-dsym";
				ENABLE_NS_ASSERTIONS = NO;
				ENABLE_STRICT_OBJC_MSGSEND = YES;
				ENABLE_USER_SCRIPT_SANDBOXING = YES;
				GCC_C_LANGUAGE_STANDARD = gnu17;
				GCC_NO_COMMON_BLOCKS = YES;
				GCC_WARN_64_TO_32_BIT_CONVERSION = YES;
				GCC_WARN_ABOUT_RETURN_TYPE = YES_ERROR;
				GCC_WARN_UNDECLARED_SELECTOR = YES;
				GCC_WARN_UNINITIALIZED_AUTOS = YES_AGGRESSIVE;
				GCC_WARN_UNUSED_FUNCTION = YES;
				GCC_WARN_UNUSED_VARIABLE = YES;
				IPHONEOS_DEPLOYMENT_TARGET = 17.5;
				LOCALIZATION_PREFERS_STRING_CATALOGS = YES;
				MTL_ENABLE_DEBUG_INFO = NO;
				MTL_FAST_MATH = YES;
				SDKROOT = iphoneos;
				SWIFT_COMPILATION_MODE = wholemodule;
				VALIDATE_PRODUCT = YES;
			};
			name = Release;
		};
		B0A1DF3D2C54E30900D80655 /* Debug */ = {
			isa = XCBuildConfiguration;
			buildSettings = {
				ASSETCATALOG_COMPILER_APPICON_NAME = AppIcon;
				ASSETCATALOG_COMPILER_GLOBAL_ACCENT_COLOR_NAME = AccentColor;
				CODE_SIGN_STYLE = Automatic;
				CURRENT_PROJECT_VERSION = 1;
				DEVELOPMENT_ASSET_PATHS = "\"Challenge 2/Preview Content\"";
				ENABLE_PREVIEWS = YES;
				GENERATE_INFOPLIST_FILE = YES;
				INFOPLIST_KEY_UIApplicationSceneManifest_Generation = YES;
				INFOPLIST_KEY_UIApplicationSupportsIndirectInputEvents = YES;
				INFOPLIST_KEY_UILaunchScreen_Generation = YES;
				INFOPLIST_KEY_UISupportedInterfaceOrientations_iPad = "UIInterfaceOrientationPortrait UIInterfaceOrientationPortraitUpsideDown UIInterfaceOrientationLandscapeLeft UIInterfaceOrientationLandscapeRight";
				INFOPLIST_KEY_UISupportedInterfaceOrientations_iPhone = "UIInterfaceOrientationPortrait UIInterfaceOrientationLandscapeLeft UIInterfaceOrientationLandscapeRight";
				LD_RUNPATH_SEARCH_PATHS = (
					"$(inherited)",
					"@executable_path/Frameworks",
				);
				MARKETING_VERSION = 1.0;
				PRODUCT_BUNDLE_IDENTIFIER = "com.macco.Challenge-2";
				PRODUCT_NAME = "$(TARGET_NAME)";
				SWIFT_EMIT_LOC_STRINGS = YES;
				SWIFT_VERSION = 5.0;
				TARGETED_DEVICE_FAMILY = "1,2";
			};
			name = Debug;
		};
		B0A1DF3E2C54E30900D80655 /* Release */ = {
			isa = XCBuildConfiguration;
			buildSettings = {
				ASSETCATALOG_COMPILER_APPICON_NAME = AppIcon;
				ASSETCATALOG_COMPILER_GLOBAL_ACCENT_COLOR_NAME = AccentColor;
				CODE_SIGN_STYLE = Automatic;
				CURRENT_PROJECT_VERSION = 1;
				DEVELOPMENT_ASSET_PATHS = "\"Challenge 2/Preview Content\"";
				ENABLE_PREVIEWS = YES;
				GENERATE_INFOPLIST_FILE = YES;
				INFOPLIST_KEY_UIApplicationSceneManifest_Generation = YES;
				INFOPLIST_KEY_UIApplicationSupportsIndirectInputEvents = YES;
				INFOPLIST_KEY_UILaunchScreen_Generation = YES;
				INFOPLIST_KEY_UISupportedInterfaceOrientations_iPad = "UIInterfaceOrientationPortrait UIInterfaceOrientationPortraitUpsideDown UIInterfaceOrientationLandscapeLeft UIInterfaceOrientationLandscapeRight";
				INFOPLIST_KEY_UISupportedInterfaceOrientations_iPhone = "UIInterfaceOrientationPortrait UIInterfaceOrientationLandscapeLeft UIInterfaceOrientationLandscapeRight";
				LD_RUNPATH_SEARCH_PATHS = (
					"$(inherited)",
					"@executable_path/Frameworks",
				);
				MARKETING_VERSION = 1.0;
				PRODUCT_BUNDLE_IDENTIFIER = "com.macco.Challenge-2";
				PRODUCT_NAME = "$(TARGET_NAME)";
				SWIFT_EMIT_LOC_STRINGS = YES;
				SWIFT_VERSION = 5.0;
				TARGETED_DEVICE_FAMILY = "1,2";
			};
			name = Release;
		};
/* End XCBuildConfiguration section */

/* Begin XCConfigurationList section */
		B0A1DF292C54E30900D80655 /* Build configuration list for PBXProject "Challenge 2" */ = {
			isa = XCConfigurationList;
			buildConfigurations = (
				B0A1DF3A2C54E30900D80655 /* Debug */,
				B0A1DF3B2C54E30900D80655 /* Release */,
			);
			defaultConfigurationIsVisible = 0;
			defaultConfigurationName = Release;
		};
		B0A1DF3C2C54E30900D80655 /* Build configuration list for PBXNativeTarget "Challenge 2" */ = {
			isa = XCConfigurationList;
			buildConfigurations = (
				B0A1DF3D2C54E30900D80655 /* Debug */,
				B0A1DF3E2C54E30900D80655 /* Release */,
			);
			defaultConfigurationIsVisible = 0;
			defaultConfigurationName = Release;
		};
/* End XCConfigurationList section */
	};
	rootObject = B0A1DF262C54E30900D80655 /* Project object */;
}
